<Solution>
  <Project Path="CourseMoth/CourseMoth.Droid/CourseMoth.Droid.csproj" />
  <Project Path="CourseMoth/CourseMoth.iOS/CourseMoth.iOS.csproj" />
  <Project Path="CourseMoth/CourseMoth.Mac/CourseMoth.Mac.csproj" />
  <Project Path="CourseMoth/CourseMoth.WinUI/CourseMoth.WinUI.csproj">
    <Platform Project="x64" />
  </Project>
  <Project Path="CourseMoth/CourseMoth/CourseMoth.csproj" />
  <Project Path="CourseMoth/CourseMoth.Core/CourseMoth.Core.csproj" />
  <Project Path="CourseMoth/CourseMoth.Data/CourseMoth.Data.csproj" />
  <Project Path="CourseMoth/CourseMoth.Core.Tests/CourseMoth.Core.Tests.csproj" />
</Solution>
